# This file is automatically @generated by Cargo.
# It is not intended for manual editing.
version = 3

[[package]]
name = "rsjson"
version = "0.4.2"
source = "registry+https://github.com/rust-lang/crates.io-index"
checksum = "ece6a491d4b13f068a8407c36d993d87d9ce01a1129b75ec3b2b39326e8909ac"

[[package]]
name = "sysutil"
version = "0.4.8"
dependencies = [
 "rsjson",
]
