# This file is automatically @generated by Cargo.
# It is not intended for manual editing.
version = 3

[[package]]
name = "rsjson"
version = "0.5.1"
source = "registry+https://github.com/rust-lang/crates.io-index"
checksum = "95a73fdc106c2d63ec6ed88a760ecf4b669ad43b9954dffdc40061dbde0e7e36"

[[package]]
name = "sysutil"
version = "0.7.0"
dependencies = [
 "rsjson",
]
